// !$*UTF8*$!
{
	archiveVersion = 1;
	classes = {
	};
	objectVersion = 56;
	objects = {

/* Begin PBXBuildFile section */
		7B6275352B50BECE00FDA0F0 /* VentureApp.swift in Sources */ = {isa = PBXBuildFile; fileRef = 7B6275342B50BECE00FDA0F0 /* VentureApp.swift */; };
		7B6275372B50BECE00FDA0F0 /* ContentView.swift in Sources */ = {isa = PBXBuildFile; fileRef = 7B6275362B50BECE00FDA0F0 /* ContentView.swift */; };
		7B6275392B50BECF00FDA0F0 /* Assets.xcassets in Resources */ = {isa = PBXBuildFile; fileRef = 7B6275382B50BECF00FDA0F0 /* Assets.xcassets */; };
		7B62753C2B50BECF00FDA0F0 /* Preview Assets.xcassets in Resources */ = {isa = PBXBuildFile; fileRef = 7B62753B2B50BECF00FDA0F0 /* Preview Assets.xcassets */; };
		7B6275462B50BECF00FDA0F0 /* VentureTests.swift in Sources */ = {isa = PBXBuildFile; fileRef = 7B6275452B50BECF00FDA0F0 /* VentureTests.swift */; };
		7B6275502B50BECF00FDA0F0 /* VentureUITests.swift in Sources */ = {isa = PBXBuildFile; fileRef = 7B62754F2B50BECF00FDA0F0 /* VentureUITests.swift */; };
		7B6275522B50BECF00FDA0F0 /* VentureUITestsLaunchTests.swift in Sources */ = {isa = PBXBuildFile; fileRef = 7B6275512B50BECF00FDA0F0 /* VentureUITestsLaunchTests.swift */; };
		7B6275612B50C5DE00FDA0F0 /* ProfileBlurb.swift in Sources */ = {isa = PBXBuildFile; fileRef = 7B6275602B50C5DE00FDA0F0 /* ProfileBlurb.swift */; };
		7B6275632B50C60B00FDA0F0 /* Styles.swift in Sources */ = {isa = PBXBuildFile; fileRef = 7B6275622B50C60B00FDA0F0 /* Styles.swift */; };
		7B62756F2B50C96400FDA0F0 /* Post.swift in Sources */ = {isa = PBXBuildFile; fileRef = 7B62756E2B50C96400FDA0F0 /* Post.swift */; };
		7B6275712B50CA6B00FDA0F0 /* FeaturedPost.swift in Sources */ = {isa = PBXBuildFile; fileRef = 7B6275702B50CA6B00FDA0F0 /* FeaturedPost.swift */; };
		7B6275732B50CCD600FDA0F0 /* OldTabBar.swift in Sources */ = {isa = PBXBuildFile; fileRef = 7B6275722B50CCD600FDA0F0 /* OldTabBar.swift */; };
		7B6275752B50CD1000FDA0F0 /* OldTab.swift in Sources */ = {isa = PBXBuildFile; fileRef = 7B6275742B50CD1000FDA0F0 /* OldTab.swift */; };
		7B6275782B50CE7F00FDA0F0 /* NavigationBar.swift in Sources */ = {isa = PBXBuildFile; fileRef = 7B6275772B50CE7F00FDA0F0 /* NavigationBar.swift */; };
		7B62757A2B50CEAB00FDA0F0 /* SearchView.swift in Sources */ = {isa = PBXBuildFile; fileRef = 7B6275792B50CEAB00FDA0F0 /* SearchView.swift */; };
		7B62757C2B50CF4700FDA0F0 /* AvatarView.swift in Sources */ = {isa = PBXBuildFile; fileRef = 7B62757B2B50CF4700FDA0F0 /* AvatarView.swift */; };
		7B62757E2B50CF8400FDA0F0 /* AccountView.swift in Sources */ = {isa = PBXBuildFile; fileRef = 7B62757D2B50CF8400FDA0F0 /* AccountView.swift */; };
		7B6275802B50D2DE00FDA0F0 /* HexagonView.swift in Sources */ = {isa = PBXBuildFile; fileRef = 7B62757F2B50D2DE00FDA0F0 /* HexagonView.swift */; };
		7B6275822B50D37000FDA0F0 /* BlobView.swift in Sources */ = {isa = PBXBuildFile; fileRef = 7B6275812B50D37000FDA0F0 /* BlobView.swift */; };
		7B6275882B51041D00FDA0F0 /* FeedView.swift in Sources */ = {isa = PBXBuildFile; fileRef = 7B6275872B51041D00FDA0F0 /* FeedView.swift */; };
		7B62758A2B5104DA00FDA0F0 /* PostModel.swift in Sources */ = {isa = PBXBuildFile; fileRef = 7B6275892B5104DA00FDA0F0 /* PostModel.swift */; };
		7B62758C2B51066E00FDA0F0 /* DemoFeed.swift in Sources */ = {isa = PBXBuildFile; fileRef = 7B62758B2B51066E00FDA0F0 /* DemoFeed.swift */; };
		7B62758E2B51078700FDA0F0 /* Animations.swift in Sources */ = {isa = PBXBuildFile; fileRef = 7B62758D2B51078700FDA0F0 /* Animations.swift */; };
		7B6275902B5107CD00FDA0F0 /* PreferenceKeys.swift in Sources */ = {isa = PBXBuildFile; fileRef = 7B62758F2B5107CD00FDA0F0 /* PreferenceKeys.swift */; };
		7B6275922B5128CC00FDA0F0 /* ItineraryView.swift in Sources */ = {isa = PBXBuildFile; fileRef = 7B6275912B5128CC00FDA0F0 /* ItineraryView.swift */; };
		7B6275942B512D1200FDA0F0 /* AnimatableFontModifier.swift in Sources */ = {isa = PBXBuildFile; fileRef = 7B6275932B512D1200FDA0F0 /* AnimatableFontModifier.swift */; };
		7B6275962B512FDF00FDA0F0 /* ItineraryModel.swift in Sources */ = {isa = PBXBuildFile; fileRef = 7B6275952B512FDF00FDA0F0 /* ItineraryModel.swift */; };
		7B62759A2B513B9500FDA0F0 /* ItineraryDescription.swift in Sources */ = {isa = PBXBuildFile; fileRef = 7B6275992B513B9500FDA0F0 /* ItineraryDescription.swift */; };
		7B62759C2B513B9F00FDA0F0 /* PostItineraryDescription.swift in Sources */ = {isa = PBXBuildFile; fileRef = 7B62759B2B513B9F00FDA0F0 /* PostItineraryDescription.swift */; };
		7B6275A12B514DED00FDA0F0 /* NotificationsView.swift in Sources */ = {isa = PBXBuildFile; fileRef = 7B6275A02B514DED00FDA0F0 /* NotificationsView.swift */; };
		7B6275A32B514E2E00FDA0F0 /* NotificationModel.swift in Sources */ = {isa = PBXBuildFile; fileRef = 7B6275A22B514E2E00FDA0F0 /* NotificationModel.swift */; };
		7B6275A52B514E3C00FDA0F0 /* DemoNotifications.swift in Sources */ = {isa = PBXBuildFile; fileRef = 7B6275A42B514E3C00FDA0F0 /* DemoNotifications.swift */; };
		7B6275A72B514E6700FDA0F0 /* NotificationRow.swift in Sources */ = {isa = PBXBuildFile; fileRef = 7B6275A62B514E6700FDA0F0 /* NotificationRow.swift */; };
		7B6275A92B51547300FDA0F0 /* OldNavigationBar.swift in Sources */ = {isa = PBXBuildFile; fileRef = 7B6275A82B51547300FDA0F0 /* OldNavigationBar.swift */; };
		7B6275AB2B51682400FDA0F0 /* RecommendationModel.swift in Sources */ = {isa = PBXBuildFile; fileRef = 7B6275AA2B51682400FDA0F0 /* RecommendationModel.swift */; };
		7B6275AD2B51685D00FDA0F0 /* DemoRecommendations.swift in Sources */ = {isa = PBXBuildFile; fileRef = 7B6275AC2B51685D00FDA0F0 /* DemoRecommendations.swift */; };
		7BDA19382B5175C20020FE88 /* TabBar.swift in Sources */ = {isa = PBXBuildFile; fileRef = 7BDA19372B5175C20020FE88 /* TabBar.swift */; };
		7BDA193A2B51760B0020FE88 /* Tab.swift in Sources */ = {isa = PBXBuildFile; fileRef = 7BDA19392B51760B0020FE88 /* Tab.swift */; };
		7BDA193D2B517A220020FE88 /* ProfileView.swift in Sources */ = {isa = PBXBuildFile; fileRef = 7BDA193C2B517A220020FE88 /* ProfileView.swift */; };
		7BDA19412B540E110020FE88 /* ProfileView2.swift in Sources */ = {isa = PBXBuildFile; fileRef = 7BDA19402B540E110020FE88 /* ProfileView2.swift */; };
/* End PBXBuildFile section */

/* Begin PBXContainerItemProxy section */
		7B6275422B50BECF00FDA0F0 /* PBXContainerItemProxy */ = {
			isa = PBXContainerItemProxy;
			containerPortal = 7B6275292B50BECE00FDA0F0 /* Project object */;
			proxyType = 1;
			remoteGlobalIDString = 7B6275302B50BECE00FDA0F0;
			remoteInfo = Venture;
		};
		7B62754C2B50BECF00FDA0F0 /* PBXContainerItemProxy */ = {
			isa = PBXContainerItemProxy;
			containerPortal = 7B6275292B50BECE00FDA0F0 /* Project object */;
			proxyType = 1;
			remoteGlobalIDString = 7B6275302B50BECE00FDA0F0;
			remoteInfo = Venture;
		};
/* End PBXContainerItemProxy section */

/* Begin PBXFileReference section */
		7B6275312B50BECE00FDA0F0 /* Venture.app */ = {isa = PBXFileReference; explicitFileType = wrapper.application; includeInIndex = 0; path = Venture.app; sourceTree = BUILT_PRODUCTS_DIR; };
		7B6275342B50BECE00FDA0F0 /* VentureApp.swift */ = {isa = PBXFileReference; lastKnownFileType = sourcecode.swift; path = VentureApp.swift; sourceTree = "<group>"; };
		7B6275362B50BECE00FDA0F0 /* ContentView.swift */ = {isa = PBXFileReference; lastKnownFileType = sourcecode.swift; path = ContentView.swift; sourceTree = "<group>"; };
		7B6275382B50BECF00FDA0F0 /* Assets.xcassets */ = {isa = PBXFileReference; lastKnownFileType = folder.assetcatalog; path = Assets.xcassets; sourceTree = "<group>"; };
		7B62753B2B50BECF00FDA0F0 /* Preview Assets.xcassets */ = {isa = PBXFileReference; lastKnownFileType = folder.assetcatalog; path = "Preview Assets.xcassets"; sourceTree = "<group>"; };
		7B6275412B50BECF00FDA0F0 /* VentureTests.xctest */ = {isa = PBXFileReference; explicitFileType = wrapper.cfbundle; includeInIndex = 0; path = VentureTests.xctest; sourceTree = BUILT_PRODUCTS_DIR; };
		7B6275452B50BECF00FDA0F0 /* VentureTests.swift */ = {isa = PBXFileReference; lastKnownFileType = sourcecode.swift; path = VentureTests.swift; sourceTree = "<group>"; };
		7B62754B2B50BECF00FDA0F0 /* VentureUITests.xctest */ = {isa = PBXFileReference; explicitFileType = wrapper.cfbundle; includeInIndex = 0; path = VentureUITests.xctest; sourceTree = BUILT_PRODUCTS_DIR; };
		7B62754F2B50BECF00FDA0F0 /* VentureUITests.swift */ = {isa = PBXFileReference; lastKnownFileType = sourcecode.swift; path = VentureUITests.swift; sourceTree = "<group>"; };
		7B6275512B50BECF00FDA0F0 /* VentureUITestsLaunchTests.swift */ = {isa = PBXFileReference; lastKnownFileType = sourcecode.swift; path = VentureUITestsLaunchTests.swift; sourceTree = "<group>"; };
		7B6275602B50C5DE00FDA0F0 /* ProfileBlurb.swift */ = {isa = PBXFileReference; lastKnownFileType = sourcecode.swift; path = ProfileBlurb.swift; sourceTree = "<group>"; };
		7B6275622B50C60B00FDA0F0 /* Styles.swift */ = {isa = PBXFileReference; lastKnownFileType = sourcecode.swift; path = Styles.swift; sourceTree = "<group>"; };
		7B62756E2B50C96400FDA0F0 /* Post.swift */ = {isa = PBXFileReference; lastKnownFileType = sourcecode.swift; path = Post.swift; sourceTree = "<group>"; };
		7B6275702B50CA6B00FDA0F0 /* FeaturedPost.swift */ = {isa = PBXFileReference; lastKnownFileType = sourcecode.swift; path = FeaturedPost.swift; sourceTree = "<group>"; };
		7B6275722B50CCD600FDA0F0 /* OldTabBar.swift */ = {isa = PBXFileReference; lastKnownFileType = sourcecode.swift; path = OldTabBar.swift; sourceTree = "<group>"; };
		7B6275742B50CD1000FDA0F0 /* OldTab.swift */ = {isa = PBXFileReference; lastKnownFileType = sourcecode.swift; path = OldTab.swift; sourceTree = "<group>"; };
		7B6275772B50CE7F00FDA0F0 /* NavigationBar.swift */ = {isa = PBXFileReference; lastKnownFileType = sourcecode.swift; path = NavigationBar.swift; sourceTree = "<group>"; };
		7B6275792B50CEAB00FDA0F0 /* SearchView.swift */ = {isa = PBXFileReference; lastKnownFileType = sourcecode.swift; path = SearchView.swift; sourceTree = "<group>"; };
		7B62757B2B50CF4700FDA0F0 /* AvatarView.swift */ = {isa = PBXFileReference; lastKnownFileType = sourcecode.swift; path = AvatarView.swift; sourceTree = "<group>"; };
		7B62757D2B50CF8400FDA0F0 /* AccountView.swift */ = {isa = PBXFileReference; lastKnownFileType = sourcecode.swift; path = AccountView.swift; sourceTree = "<group>"; };
		7B62757F2B50D2DE00FDA0F0 /* HexagonView.swift */ = {isa = PBXFileReference; lastKnownFileType = sourcecode.swift; path = HexagonView.swift; sourceTree = "<group>"; };
		7B6275812B50D37000FDA0F0 /* BlobView.swift */ = {isa = PBXFileReference; lastKnownFileType = sourcecode.swift; path = BlobView.swift; sourceTree = "<group>"; };
		7B6275872B51041D00FDA0F0 /* FeedView.swift */ = {isa = PBXFileReference; lastKnownFileType = sourcecode.swift; path = FeedView.swift; sourceTree = "<group>"; };
		7B6275892B5104DA00FDA0F0 /* PostModel.swift */ = {isa = PBXFileReference; lastKnownFileType = sourcecode.swift; path = PostModel.swift; sourceTree = "<group>"; };
		7B62758B2B51066E00FDA0F0 /* DemoFeed.swift */ = {isa = PBXFileReference; lastKnownFileType = sourcecode.swift; path = DemoFeed.swift; sourceTree = "<group>"; };
		7B62758D2B51078700FDA0F0 /* Animations.swift */ = {isa = PBXFileReference; lastKnownFileType = sourcecode.swift; path = Animations.swift; sourceTree = "<group>"; };
		7B62758F2B5107CD00FDA0F0 /* PreferenceKeys.swift */ = {isa = PBXFileReference; lastKnownFileType = sourcecode.swift; path = PreferenceKeys.swift; sourceTree = "<group>"; };
		7B6275912B5128CC00FDA0F0 /* ItineraryView.swift */ = {isa = PBXFileReference; lastKnownFileType = sourcecode.swift; path = ItineraryView.swift; sourceTree = "<group>"; };
		7B6275932B512D1200FDA0F0 /* AnimatableFontModifier.swift */ = {isa = PBXFileReference; lastKnownFileType = sourcecode.swift; path = AnimatableFontModifier.swift; sourceTree = "<group>"; };
		7B6275952B512FDF00FDA0F0 /* ItineraryModel.swift */ = {isa = PBXFileReference; lastKnownFileType = sourcecode.swift; path = ItineraryModel.swift; sourceTree = "<group>"; };
		7B6275992B513B9500FDA0F0 /* ItineraryDescription.swift */ = {isa = PBXFileReference; lastKnownFileType = sourcecode.swift; path = ItineraryDescription.swift; sourceTree = "<group>"; };
		7B62759B2B513B9F00FDA0F0 /* PostItineraryDescription.swift */ = {isa = PBXFileReference; lastKnownFileType = sourcecode.swift; path = PostItineraryDescription.swift; sourceTree = "<group>"; };
		7B6275A02B514DED00FDA0F0 /* NotificationsView.swift */ = {isa = PBXFileReference; lastKnownFileType = sourcecode.swift; path = NotificationsView.swift; sourceTree = "<group>"; };
		7B6275A22B514E2E00FDA0F0 /* NotificationModel.swift */ = {isa = PBXFileReference; lastKnownFileType = sourcecode.swift; path = NotificationModel.swift; sourceTree = "<group>"; };
		7B6275A42B514E3C00FDA0F0 /* DemoNotifications.swift */ = {isa = PBXFileReference; lastKnownFileType = sourcecode.swift; path = DemoNotifications.swift; sourceTree = "<group>"; };
		7B6275A62B514E6700FDA0F0 /* NotificationRow.swift */ = {isa = PBXFileReference; lastKnownFileType = sourcecode.swift; path = NotificationRow.swift; sourceTree = "<group>"; };
		7B6275A82B51547300FDA0F0 /* OldNavigationBar.swift */ = {isa = PBXFileReference; lastKnownFileType = sourcecode.swift; path = OldNavigationBar.swift; sourceTree = "<group>"; };
		7B6275AA2B51682400FDA0F0 /* RecommendationModel.swift */ = {isa = PBXFileReference; lastKnownFileType = sourcecode.swift; path = RecommendationModel.swift; sourceTree = "<group>"; };
		7B6275AC2B51685D00FDA0F0 /* DemoRecommendations.swift */ = {isa = PBXFileReference; lastKnownFileType = sourcecode.swift; path = DemoRecommendations.swift; sourceTree = "<group>"; };
		7BDA19372B5175C20020FE88 /* TabBar.swift */ = {isa = PBXFileReference; lastKnownFileType = sourcecode.swift; path = TabBar.swift; sourceTree = "<group>"; };
		7BDA19392B51760B0020FE88 /* Tab.swift */ = {isa = PBXFileReference; lastKnownFileType = sourcecode.swift; path = Tab.swift; sourceTree = "<group>"; };
		7BDA193C2B517A220020FE88 /* ProfileView.swift */ = {isa = PBXFileReference; lastKnownFileType = sourcecode.swift; path = ProfileView.swift; sourceTree = "<group>"; };
		7BDA19402B540E110020FE88 /* ProfileView2.swift */ = {isa = PBXFileReference; lastKnownFileType = sourcecode.swift; path = ProfileView2.swift; sourceTree = "<group>"; };
/* End PBXFileReference section */

/* Begin PBXFrameworksBuildPhase section */
		7B62752E2B50BECE00FDA0F0 /* Frameworks */ = {
			isa = PBXFrameworksBuildPhase;
			buildActionMask = 2147483647;
			files = (
			);
			runOnlyForDeploymentPostprocessing = 0;
		};
		7B62753E2B50BECF00FDA0F0 /* Frameworks */ = {
			isa = PBXFrameworksBuildPhase;
			buildActionMask = 2147483647;
			files = (
			);
			runOnlyForDeploymentPostprocessing = 0;
		};
		7B6275482B50BECF00FDA0F0 /* Frameworks */ = {
			isa = PBXFrameworksBuildPhase;
			buildActionMask = 2147483647;
			files = (
			);
			runOnlyForDeploymentPostprocessing = 0;
		};
/* End PBXFrameworksBuildPhase section */

/* Begin PBXGroup section */
		7B6275282B50BECE00FDA0F0 = {
			isa = PBXGroup;
			children = (
				7B6275332B50BECE00FDA0F0 /* Venture */,
				7B6275442B50BECF00FDA0F0 /* VentureTests */,
				7B62754E2B50BECF00FDA0F0 /* VentureUITests */,
				7B6275322B50BECE00FDA0F0 /* Products */,
			);
			sourceTree = "<group>";
		};
		7B6275322B50BECE00FDA0F0 /* Products */ = {
			isa = PBXGroup;
			children = (
				7B6275312B50BECE00FDA0F0 /* Venture.app */,
				7B6275412B50BECF00FDA0F0 /* VentureTests.xctest */,
				7B62754B2B50BECF00FDA0F0 /* VentureUITests.xctest */,
			);
			name = Products;
			sourceTree = "<group>";
		};
		7B6275332B50BECE00FDA0F0 /* Venture */ = {
			isa = PBXGroup;
			children = (
				7B6275342B50BECE00FDA0F0 /* VentureApp.swift */,
				7B6275362B50BECE00FDA0F0 /* ContentView.swift */,
				7BDA193C2B517A220020FE88 /* ProfileView.swift */,
				7B6275A02B514DED00FDA0F0 /* NotificationsView.swift */,
				7BDA19402B540E110020FE88 /* ProfileView2.swift */,
				7BDA193B2B5176590020FE88 /* OldFiles */,
				7B6275A62B514E6700FDA0F0 /* NotificationRow.swift */,
				7B6275872B51041D00FDA0F0 /* FeedView.swift */,
				7B62759E2B5148A100FDA0F0 /* Example Data */,
				7B62759D2B51483600FDA0F0 /* ItineraryViews */,
				7B62759F2B5148D500FDA0F0 /* Buttons */,
				7B6275792B50CEAB00FDA0F0 /* SearchView.swift */,
				7B62757B2B50CF4700FDA0F0 /* AvatarView.swift */,
				7B6275832B50D3AE00FDA0F0 /* Bars */,
				7B6275842B50D3F700FDA0F0 /* Graphics */,
				7B6275762B50CD8700FDA0F0 /* Model */,
				7B6275652B50C69B00FDA0F0 /* Items */,
				7B6275642B50C68300FDA0F0 /* Styles */,
				7B6275382B50BECF00FDA0F0 /* Assets.xcassets */,
				7B62753A2B50BECF00FDA0F0 /* Preview Content */,
			);
			path = Venture;
			sourceTree = "<group>";
		};
		7B62753A2B50BECF00FDA0F0 /* Preview Content */ = {
			isa = PBXGroup;
			children = (
				7B62753B2B50BECF00FDA0F0 /* Preview Assets.xcassets */,
			);
			path = "Preview Content";
			sourceTree = "<group>";
		};
		7B6275442B50BECF00FDA0F0 /* VentureTests */ = {
			isa = PBXGroup;
			children = (
				7B6275452B50BECF00FDA0F0 /* VentureTests.swift */,
			);
			path = VentureTests;
			sourceTree = "<group>";
		};
		7B62754E2B50BECF00FDA0F0 /* VentureUITests */ = {
			isa = PBXGroup;
			children = (
				7B62754F2B50BECF00FDA0F0 /* VentureUITests.swift */,
				7B6275512B50BECF00FDA0F0 /* VentureUITestsLaunchTests.swift */,
			);
			path = VentureUITests;
			sourceTree = "<group>";
		};
		7B6275642B50C68300FDA0F0 /* Styles */ = {
			isa = PBXGroup;
			children = (
				7B6275622B50C60B00FDA0F0 /* Styles.swift */,
				7B62758D2B51078700FDA0F0 /* Animations.swift */,
				7B6275932B512D1200FDA0F0 /* AnimatableFontModifier.swift */,
			);
			path = Styles;
			sourceTree = "<group>";
		};
		7B6275652B50C69B00FDA0F0 /* Items */ = {
			isa = PBXGroup;
			children = (
				7B6275602B50C5DE00FDA0F0 /* ProfileBlurb.swift */,
				7B6275702B50CA6B00FDA0F0 /* FeaturedPost.swift */,
				7B62756E2B50C96400FDA0F0 /* Post.swift */,
			);
			path = Items;
			sourceTree = "<group>";
		};
		7B6275762B50CD8700FDA0F0 /* Model */ = {
			isa = PBXGroup;
			children = (
				7BDA19392B51760B0020FE88 /* Tab.swift */,
				7B6275892B5104DA00FDA0F0 /* PostModel.swift */,
				7B6275952B512FDF00FDA0F0 /* ItineraryModel.swift */,
				7B62758F2B5107CD00FDA0F0 /* PreferenceKeys.swift */,
				7B6275A22B514E2E00FDA0F0 /* NotificationModel.swift */,
				7B6275AA2B51682400FDA0F0 /* RecommendationModel.swift */,
			);
			path = Model;
			sourceTree = "<group>";
		};
		7B6275832B50D3AE00FDA0F0 /* Bars */ = {
			isa = PBXGroup;
			children = (
				7BDA19372B5175C20020FE88 /* TabBar.swift */,
				7B6275772B50CE7F00FDA0F0 /* NavigationBar.swift */,
			);
			path = Bars;
			sourceTree = "<group>";
		};
		7B6275842B50D3F700FDA0F0 /* Graphics */ = {
			isa = PBXGroup;
			children = (
				7B62757F2B50D2DE00FDA0F0 /* HexagonView.swift */,
				7B6275812B50D37000FDA0F0 /* BlobView.swift */,
			);
			path = Graphics;
			sourceTree = "<group>";
		};
		7B62759D2B51483600FDA0F0 /* ItineraryViews */ = {
			isa = PBXGroup;
			children = (
				7B62759B2B513B9F00FDA0F0 /* PostItineraryDescription.swift */,
				7B6275992B513B9500FDA0F0 /* ItineraryDescription.swift */,
				7B6275912B5128CC00FDA0F0 /* ItineraryView.swift */,
			);
			path = ItineraryViews;
			sourceTree = "<group>";
		};
		7B62759E2B5148A100FDA0F0 /* Example Data */ = {
			isa = PBXGroup;
			children = (
				7B62758B2B51066E00FDA0F0 /* DemoFeed.swift */,
				7B6275A42B514E3C00FDA0F0 /* DemoNotifications.swift */,
				7B6275AC2B51685D00FDA0F0 /* DemoRecommendations.swift */,
			);
			path = "Example Data";
			sourceTree = "<group>";
		};
		7B62759F2B5148D500FDA0F0 /* Buttons */ = {
			isa = PBXGroup;
			children = (
				7B62757D2B50CF8400FDA0F0 /* AccountView.swift */,
			);
			path = Buttons;
			sourceTree = "<group>";
		};
		7BDA193B2B5176590020FE88 /* OldFiles */ = {
			isa = PBXGroup;
			children = (
				7B6275722B50CCD600FDA0F0 /* OldTabBar.swift */,
				7B6275A82B51547300FDA0F0 /* OldNavigationBar.swift */,
				7B6275742B50CD1000FDA0F0 /* OldTab.swift */,
			);
			path = OldFiles;
			sourceTree = "<group>";
		};
/* End PBXGroup section */

/* Begin PBXNativeTarget section */
		7B6275302B50BECE00FDA0F0 /* Venture */ = {
			isa = PBXNativeTarget;
			buildConfigurationList = 7B6275552B50BECF00FDA0F0 /* Build configuration list for PBXNativeTarget "Venture" */;
			buildPhases = (
				7B62752D2B50BECE00FDA0F0 /* Sources */,
				7B62752E2B50BECE00FDA0F0 /* Frameworks */,
				7B62752F2B50BECE00FDA0F0 /* Resources */,
			);
			buildRules = (
			);
			dependencies = (
			);
			name = Venture;
			productName = Venture;
			productReference = 7B6275312B50BECE00FDA0F0 /* Venture.app */;
			productType = "com.apple.product-type.application";
		};
		7B6275402B50BECF00FDA0F0 /* VentureTests */ = {
			isa = PBXNativeTarget;
			buildConfigurationList = 7B6275582B50BECF00FDA0F0 /* Build configuration list for PBXNativeTarget "VentureTests" */;
			buildPhases = (
				7B62753D2B50BECF00FDA0F0 /* Sources */,
				7B62753E2B50BECF00FDA0F0 /* Frameworks */,
				7B62753F2B50BECF00FDA0F0 /* Resources */,
			);
			buildRules = (
			);
			dependencies = (
				7B6275432B50BECF00FDA0F0 /* PBXTargetDependency */,
			);
			name = VentureTests;
			productName = VentureTests;
			productReference = 7B6275412B50BECF00FDA0F0 /* VentureTests.xctest */;
			productType = "com.apple.product-type.bundle.unit-test";
		};
		7B62754A2B50BECF00FDA0F0 /* VentureUITests */ = {
			isa = PBXNativeTarget;
			buildConfigurationList = 7B62755B2B50BECF00FDA0F0 /* Build configuration list for PBXNativeTarget "VentureUITests" */;
			buildPhases = (
				7B6275472B50BECF00FDA0F0 /* Sources */,
				7B6275482B50BECF00FDA0F0 /* Frameworks */,
				7B6275492B50BECF00FDA0F0 /* Resources */,
			);
			buildRules = (
			);
			dependencies = (
				7B62754D2B50BECF00FDA0F0 /* PBXTargetDependency */,
			);
			name = VentureUITests;
			productName = VentureUITests;
			productReference = 7B62754B2B50BECF00FDA0F0 /* VentureUITests.xctest */;
			productType = "com.apple.product-type.bundle.ui-testing";
		};
/* End PBXNativeTarget section */

/* Begin PBXProject section */
		7B6275292B50BECE00FDA0F0 /* Project object */ = {
			isa = PBXProject;
			attributes = {
				BuildIndependentTargetsInParallel = 1;
				LastSwiftUpdateCheck = 1520;
				LastUpgradeCheck = 1520;
				TargetAttributes = {
					7B6275302B50BECE00FDA0F0 = {
						CreatedOnToolsVersion = 15.2;
					};
					7B6275402B50BECF00FDA0F0 = {
						CreatedOnToolsVersion = 15.2;
						TestTargetID = 7B6275302B50BECE00FDA0F0;
					};
					7B62754A2B50BECF00FDA0F0 = {
						CreatedOnToolsVersion = 15.2;
						TestTargetID = 7B6275302B50BECE00FDA0F0;
					};
				};
			};
			buildConfigurationList = 7B62752C2B50BECE00FDA0F0 /* Build configuration list for PBXProject "Venture" */;
			compatibilityVersion = "Xcode 14.0";
			developmentRegion = en;
			hasScannedForEncodings = 0;
			knownRegions = (
				en,
				Base,
			);
			mainGroup = 7B6275282B50BECE00FDA0F0;
			productRefGroup = 7B6275322B50BECE00FDA0F0 /* Products */;
			projectDirPath = "";
			projectRoot = "";
			targets = (
				7B6275302B50BECE00FDA0F0 /* Venture */,
				7B6275402B50BECF00FDA0F0 /* VentureTests */,
				7B62754A2B50BECF00FDA0F0 /* VentureUITests */,
			);
		};
/* End PBXProject section */

/* Begin PBXResourcesBuildPhase section */
		7B62752F2B50BECE00FDA0F0 /* Resources */ = {
			isa = PBXResourcesBuildPhase;
			buildActionMask = 2147483647;
			files = (
				7B62753C2B50BECF00FDA0F0 /* Preview Assets.xcassets in Resources */,
				7B6275392B50BECF00FDA0F0 /* Assets.xcassets in Resources */,
			);
			runOnlyForDeploymentPostprocessing = 0;
		};
		7B62753F2B50BECF00FDA0F0 /* Resources */ = {
			isa = PBXResourcesBuildPhase;
			buildActionMask = 2147483647;
			files = (
			);
			runOnlyForDeploymentPostprocessing = 0;
		};
		7B6275492B50BECF00FDA0F0 /* Resources */ = {
			isa = PBXResourcesBuildPhase;
			buildActionMask = 2147483647;
			files = (
			);
			runOnlyForDeploymentPostprocessing = 0;
		};
/* End PBXResourcesBuildPhase section */

/* Begin PBXSourcesBuildPhase section */
		7B62752D2B50BECE00FDA0F0 /* Sources */ = {
			isa = PBXSourcesBuildPhase;
			buildActionMask = 2147483647;
			files = (
				7B62757E2B50CF8400FDA0F0 /* AccountView.swift in Sources */,
				7B6275A52B514E3C00FDA0F0 /* DemoNotifications.swift in Sources */,
				7B62758A2B5104DA00FDA0F0 /* PostModel.swift in Sources */,
				7B62759C2B513B9F00FDA0F0 /* PostItineraryDescription.swift in Sources */,
				7B6275AB2B51682400FDA0F0 /* RecommendationModel.swift in Sources */,
				7B62757A2B50CEAB00FDA0F0 /* SearchView.swift in Sources */,
				7B6275902B5107CD00FDA0F0 /* PreferenceKeys.swift in Sources */,
				7B6275372B50BECE00FDA0F0 /* ContentView.swift in Sources */,
				7B6275942B512D1200FDA0F0 /* AnimatableFontModifier.swift in Sources */,
				7B6275612B50C5DE00FDA0F0 /* ProfileBlurb.swift in Sources */,
				7B6275352B50BECE00FDA0F0 /* VentureApp.swift in Sources */,
				7B6275A92B51547300FDA0F0 /* OldNavigationBar.swift in Sources */,
				7B62757C2B50CF4700FDA0F0 /* AvatarView.swift in Sources */,
				7B6275922B5128CC00FDA0F0 /* ItineraryView.swift in Sources */,
				7B6275752B50CD1000FDA0F0 /* OldTab.swift in Sources */,
				7B6275712B50CA6B00FDA0F0 /* FeaturedPost.swift in Sources */,
				7B6275782B50CE7F00FDA0F0 /* NavigationBar.swift in Sources */,
				7B62756F2B50C96400FDA0F0 /* Post.swift in Sources */,
				7B62758C2B51066E00FDA0F0 /* DemoFeed.swift in Sources */,
				7BDA19382B5175C20020FE88 /* TabBar.swift in Sources */,
				7B6275A12B514DED00FDA0F0 /* NotificationsView.swift in Sources */,
				7BDA19412B540E110020FE88 /* ProfileView2.swift in Sources */,
				7B6275882B51041D00FDA0F0 /* FeedView.swift in Sources */,
				7B6275A72B514E6700FDA0F0 /* NotificationRow.swift in Sources */,
				7B6275802B50D2DE00FDA0F0 /* HexagonView.swift in Sources */,
				7B62758E2B51078700FDA0F0 /* Animations.swift in Sources */,
				7B6275632B50C60B00FDA0F0 /* Styles.swift in Sources */,
				7BDA193D2B517A220020FE88 /* ProfileView.swift in Sources */,
				7B6275732B50CCD600FDA0F0 /* OldTabBar.swift in Sources */,
				7BDA193A2B51760B0020FE88 /* Tab.swift in Sources */,
				7B6275A32B514E2E00FDA0F0 /* NotificationModel.swift in Sources */,
				7B6275822B50D37000FDA0F0 /* BlobView.swift in Sources */,
				7B6275962B512FDF00FDA0F0 /* ItineraryModel.swift in Sources */,
				7B6275AD2B51685D00FDA0F0 /* DemoRecommendations.swift in Sources */,
				7B62759A2B513B9500FDA0F0 /* ItineraryDescription.swift in Sources */,
			);
			runOnlyForDeploymentPostprocessing = 0;
		};
		7B62753D2B50BECF00FDA0F0 /* Sources */ = {
			isa = PBXSourcesBuildPhase;
			buildActionMask = 2147483647;
			files = (
				7B6275462B50BECF00FDA0F0 /* VentureTests.swift in Sources */,
			);
			runOnlyForDeploymentPostprocessing = 0;
		};
		7B6275472B50BECF00FDA0F0 /* Sources */ = {
			isa = PBXSourcesBuildPhase;
			buildActionMask = 2147483647;
			files = (
				7B6275522B50BECF00FDA0F0 /* VentureUITestsLaunchTests.swift in Sources */,
				7B6275502B50BECF00FDA0F0 /* VentureUITests.swift in Sources */,
			);
			runOnlyForDeploymentPostprocessing = 0;
		};
/* End PBXSourcesBuildPhase section */

/* Begin PBXTargetDependency section */
		7B6275432B50BECF00FDA0F0 /* PBXTargetDependency */ = {
			isa = PBXTargetDependency;
			target = 7B6275302B50BECE00FDA0F0 /* Venture */;
			targetProxy = 7B6275422B50BECF00FDA0F0 /* PBXContainerItemProxy */;
		};
		7B62754D2B50BECF00FDA0F0 /* PBXTargetDependency */ = {
			isa = PBXTargetDependency;
			target = 7B6275302B50BECE00FDA0F0 /* Venture */;
			targetProxy = 7B62754C2B50BECF00FDA0F0 /* PBXContainerItemProxy */;
		};
/* End PBXTargetDependency section */

/* Begin XCBuildConfiguration section */
		7B6275532B50BECF00FDA0F0 /* Debug */ = {
			isa = XCBuildConfiguration;
			buildSettings = {
				ALWAYS_SEARCH_USER_PATHS = NO;
				ASSETCATALOG_COMPILER_GENERATE_SWIFT_ASSET_SYMBOL_EXTENSIONS = YES;
				CLANG_ANALYZER_NONNULL = YES;
				CLANG_ANALYZER_NUMBER_OBJECT_CONVERSION = YES_AGGRESSIVE;
				CLANG_CXX_LANGUAGE_STANDARD = "gnu++20";
				CLANG_ENABLE_MODULES = YES;
				CLANG_ENABLE_OBJC_ARC = YES;
				CLANG_ENABLE_OBJC_WEAK = YES;
				CLANG_WARN_BLOCK_CAPTURE_AUTORELEASING = YES;
				CLANG_WARN_BOOL_CONVERSION = YES;
				CLANG_WARN_COMMA = YES;
				CLANG_WARN_CONSTANT_CONVERSION = YES;
				CLANG_WARN_DEPRECATED_OBJC_IMPLEMENTATIONS = YES;
				CLANG_WARN_DIRECT_OBJC_ISA_USAGE = YES_ERROR;
				CLANG_WARN_DOCUMENTATION_COMMENTS = YES;
				CLANG_WARN_EMPTY_BODY = YES;
				CLANG_WARN_ENUM_CONVERSION = YES;
				CLANG_WARN_INFINITE_RECURSION = YES;
				CLANG_WARN_INT_CONVERSION = YES;
				CLANG_WARN_NON_LITERAL_NULL_CONVERSION = YES;
				CLANG_WARN_OBJC_IMPLICIT_RETAIN_SELF = YES;
				CLANG_WARN_OBJC_LITERAL_CONVERSION = YES;
				CLANG_WARN_OBJC_ROOT_CLASS = YES_ERROR;
				CLANG_WARN_QUOTED_INCLUDE_IN_FRAMEWORK_HEADER = YES;
				CLANG_WARN_RANGE_LOOP_ANALYSIS = YES;
				CLANG_WARN_STRICT_PROTOTYPES = YES;
				CLANG_WARN_SUSPICIOUS_MOVE = YES;
				CLANG_WARN_UNGUARDED_AVAILABILITY = YES_AGGRESSIVE;
				CLANG_WARN_UNREACHABLE_CODE = YES;
				CLANG_WARN__DUPLICATE_METHOD_MATCH = YES;
				COPY_PHASE_STRIP = NO;
				DEBUG_INFORMATION_FORMAT = dwarf;
				ENABLE_STRICT_OBJC_MSGSEND = YES;
				ENABLE_TESTABILITY = YES;
				ENABLE_USER_SCRIPT_SANDBOXING = YES;
				GCC_C_LANGUAGE_STANDARD = gnu17;
				GCC_DYNAMIC_NO_PIC = NO;
				GCC_NO_COMMON_BLOCKS = YES;
				GCC_OPTIMIZATION_LEVEL = 0;
				GCC_PREPROCESSOR_DEFINITIONS = (
					"DEBUG=1",
					"$(inherited)",
				);
				GCC_WARN_64_TO_32_BIT_CONVERSION = YES;
				GCC_WARN_ABOUT_RETURN_TYPE = YES_ERROR;
				GCC_WARN_UNDECLARED_SELECTOR = YES;
				GCC_WARN_UNINITIALIZED_AUTOS = YES_AGGRESSIVE;
				GCC_WARN_UNUSED_FUNCTION = YES;
				GCC_WARN_UNUSED_VARIABLE = YES;
				IPHONEOS_DEPLOYMENT_TARGET = 17.2;
				LOCALIZATION_PREFERS_STRING_CATALOGS = YES;
				MTL_ENABLE_DEBUG_INFO = INCLUDE_SOURCE;
				MTL_FAST_MATH = YES;
				ONLY_ACTIVE_ARCH = YES;
				SDKROOT = iphoneos;
				SWIFT_ACTIVE_COMPILATION_CONDITIONS = "DEBUG $(inherited)";
				SWIFT_OPTIMIZATION_LEVEL = "-Onone";
			};
			name = Debug;
		};
		7B6275542B50BECF00FDA0F0 /* Release */ = {
			isa = XCBuildConfiguration;
			buildSettings = {
				ALWAYS_SEARCH_USER_PATHS = NO;
				ASSETCATALOG_COMPILER_GENERATE_SWIFT_ASSET_SYMBOL_EXTENSIONS = YES;
				CLANG_ANALYZER_NONNULL = YES;
				CLANG_ANALYZER_NUMBER_OBJECT_CONVERSION = YES_AGGRESSIVE;
				CLANG_CXX_LANGUAGE_STANDARD = "gnu++20";
				CLANG_ENABLE_MODULES = YES;
				CLANG_ENABLE_OBJC_ARC = YES;
				CLANG_ENABLE_OBJC_WEAK = YES;
				CLANG_WARN_BLOCK_CAPTURE_AUTORELEASING = YES;
				CLANG_WARN_BOOL_CONVERSION = YES;
				CLANG_WARN_COMMA = YES;
				CLANG_WARN_CONSTANT_CONVERSION = YES;
				CLANG_WARN_DEPRECATED_OBJC_IMPLEMENTATIONS = YES;
				CLANG_WARN_DIRECT_OBJC_ISA_USAGE = YES_ERROR;
				CLANG_WARN_DOCUMENTATION_COMMENTS = YES;
				CLANG_WARN_EMPTY_BODY = YES;
				CLANG_WARN_ENUM_CONVERSION = YES;
				CLANG_WARN_INFINITE_RECURSION = YES;
				CLANG_WARN_INT_CONVERSION = YES;
				CLANG_WARN_NON_LITERAL_NULL_CONVERSION = YES;
				CLANG_WARN_OBJC_IMPLICIT_RETAIN_SELF = YES;
				CLANG_WARN_OBJC_LITERAL_CONVERSION = YES;
				CLANG_WARN_OBJC_ROOT_CLASS = YES_ERROR;
				CLANG_WARN_QUOTED_INCLUDE_IN_FRAMEWORK_HEADER = YES;
				CLANG_WARN_RANGE_LOOP_ANALYSIS = YES;
				CLANG_WARN_STRICT_PROTOTYPES = YES;
				CLANG_WARN_SUSPICIOUS_MOVE = YES;
				CLANG_WARN_UNGUARDED_AVAILABILITY = YES_AGGRESSIVE;
				CLANG_WARN_UNREACHABLE_CODE = YES;
				CLANG_WARN__DUPLICATE_METHOD_MATCH = YES;
				COPY_PHASE_STRIP = NO;
				DEBUG_INFORMATION_FORMAT = "dwarf-with-dsym";
				ENABLE_NS_ASSERTIONS = NO;
				ENABLE_STRICT_OBJC_MSGSEND = YES;
				ENABLE_USER_SCRIPT_SANDBOXING = YES;
				GCC_C_LANGUAGE_STANDARD = gnu17;
				GCC_NO_COMMON_BLOCKS = YES;
				GCC_WARN_64_TO_32_BIT_CONVERSION = YES;
				GCC_WARN_ABOUT_RETURN_TYPE = YES_ERROR;
				GCC_WARN_UNDECLARED_SELECTOR = YES;
				GCC_WARN_UNINITIALIZED_AUTOS = YES_AGGRESSIVE;
				GCC_WARN_UNUSED_FUNCTION = YES;
				GCC_WARN_UNUSED_VARIABLE = YES;
				IPHONEOS_DEPLOYMENT_TARGET = 17.2;
				LOCALIZATION_PREFERS_STRING_CATALOGS = YES;
				MTL_ENABLE_DEBUG_INFO = NO;
				MTL_FAST_MATH = YES;
				SDKROOT = iphoneos;
				SWIFT_COMPILATION_MODE = wholemodule;
				VALIDATE_PRODUCT = YES;
			};
			name = Release;
		};
		7B6275562B50BECF00FDA0F0 /* Debug */ = {
			isa = XCBuildConfiguration;
			buildSettings = {
				ASSETCATALOG_COMPILER_APPICON_NAME = AppIcon;
				ASSETCATALOG_COMPILER_GLOBAL_ACCENT_COLOR_NAME = AccentColor;
				CODE_SIGN_STYLE = Automatic;
				CURRENT_PROJECT_VERSION = 1;
				DEVELOPMENT_ASSET_PATHS = "\"Venture/Preview Content\"";
				DEVELOPMENT_TEAM = B9LTMN6KAW;
				ENABLE_PREVIEWS = YES;
				GENERATE_INFOPLIST_FILE = YES;
				INFOPLIST_KEY_UIApplicationSceneManifest_Generation = YES;
				INFOPLIST_KEY_UIApplicationSupportsIndirectInputEvents = YES;
				INFOPLIST_KEY_UILaunchScreen_Generation = YES;
				INFOPLIST_KEY_UISupportedInterfaceOrientations_iPad = "UIInterfaceOrientationPortrait UIInterfaceOrientationPortraitUpsideDown UIInterfaceOrientationLandscapeLeft UIInterfaceOrientationLandscapeRight";
				INFOPLIST_KEY_UISupportedInterfaceOrientations_iPhone = "UIInterfaceOrientationPortrait UIInterfaceOrientationLandscapeLeft UIInterfaceOrientationLandscapeRight";
				LD_RUNPATH_SEARCH_PATHS = (
					"$(inherited)",
					"@executable_path/Frameworks",
				);
				MARKETING_VERSION = 1.0;
				PRODUCT_BUNDLE_IDENTIFIER = "com.Lawrence-VentureApp";
				PRODUCT_NAME = "$(TARGET_NAME)";
				SWIFT_EMIT_LOC_STRINGS = YES;
				SWIFT_VERSION = 5.0;
				TARGETED_DEVICE_FAMILY = "1,2";
			};
			name = Debug;
		};
		7B6275572B50BECF00FDA0F0 /* Release */ = {
			isa = XCBuildConfiguration;
			buildSettings = {
				ASSETCATALOG_COMPILER_APPICON_NAME = AppIcon;
				ASSETCATALOG_COMPILER_GLOBAL_ACCENT_COLOR_NAME = AccentColor;
				CODE_SIGN_STYLE = Automatic;
				CURRENT_PROJECT_VERSION = 1;
				DEVELOPMENT_ASSET_PATHS = "\"Venture/Preview Content\"";
				DEVELOPMENT_TEAM = B9LTMN6KAW;
				ENABLE_PREVIEWS = YES;
				GENERATE_INFOPLIST_FILE = YES;
				INFOPLIST_KEY_UIApplicationSceneManifest_Generation = YES;
				INFOPLIST_KEY_UIApplicationSupportsIndirectInputEvents = YES;
				INFOPLIST_KEY_UILaunchScreen_Generation = YES;
				INFOPLIST_KEY_UISupportedInterfaceOrientations_iPad = "UIInterfaceOrientationPortrait UIInterfaceOrientationPortraitUpsideDown UIInterfaceOrientationLandscapeLeft UIInterfaceOrientationLandscapeRight";
				INFOPLIST_KEY_UISupportedInterfaceOrientations_iPhone = "UIInterfaceOrientationPortrait UIInterfaceOrientationLandscapeLeft UIInterfaceOrientationLandscapeRight";
				LD_RUNPATH_SEARCH_PATHS = (
					"$(inherited)",
					"@executable_path/Frameworks",
				);
				MARKETING_VERSION = 1.0;
				PRODUCT_BUNDLE_IDENTIFIER = "com.Lawrence-VentureApp";
				PRODUCT_NAME = "$(TARGET_NAME)";
				SWIFT_EMIT_LOC_STRINGS = YES;
				SWIFT_VERSION = 5.0;
				TARGETED_DEVICE_FAMILY = "1,2";
			};
			name = Release;
		};
		7B6275592B50BECF00FDA0F0 /* Debug */ = {
			isa = XCBuildConfiguration;
			buildSettings = {
				ALWAYS_EMBED_SWIFT_STANDARD_LIBRARIES = YES;
				BUNDLE_LOADER = "$(TEST_HOST)";
				CODE_SIGN_STYLE = Automatic;
				CURRENT_PROJECT_VERSION = 1;
				GENERATE_INFOPLIST_FILE = YES;
				IPHONEOS_DEPLOYMENT_TARGET = 17.2;
				MARKETING_VERSION = 1.0;
				PRODUCT_BUNDLE_IDENTIFIER = com.VentureTests;
				PRODUCT_NAME = "$(TARGET_NAME)";
				SWIFT_EMIT_LOC_STRINGS = NO;
				SWIFT_VERSION = 5.0;
				TARGETED_DEVICE_FAMILY = "1,2";
				TEST_HOST = "$(BUILT_PRODUCTS_DIR)/Venture.app/$(BUNDLE_EXECUTABLE_FOLDER_PATH)/Venture";
			};
			name = Debug;
		};
		7B62755A2B50BECF00FDA0F0 /* Release */ = {
			isa = XCBuildConfiguration;
			buildSettings = {
				ALWAYS_EMBED_SWIFT_STANDARD_LIBRARIES = YES;
				BUNDLE_LOADER = "$(TEST_HOST)";
				CODE_SIGN_STYLE = Automatic;
				CURRENT_PROJECT_VERSION = 1;
				GENERATE_INFOPLIST_FILE = YES;
				IPHONEOS_DEPLOYMENT_TARGET = 17.2;
				MARKETING_VERSION = 1.0;
				PRODUCT_BUNDLE_IDENTIFIER = com.VentureTests;
				PRODUCT_NAME = "$(TARGET_NAME)";
				SWIFT_EMIT_LOC_STRINGS = NO;
				SWIFT_VERSION = 5.0;
				TARGETED_DEVICE_FAMILY = "1,2";
				TEST_HOST = "$(BUILT_PRODUCTS_DIR)/Venture.app/$(BUNDLE_EXECUTABLE_FOLDER_PATH)/Venture";
			};
			name = Release;
		};
		7B62755C2B50BECF00FDA0F0 /* Debug */ = {
			isa = XCBuildConfiguration;
			buildSettings = {
				ALWAYS_EMBED_SWIFT_STANDARD_LIBRARIES = YES;
				CODE_SIGN_STYLE = Automatic;
				CURRENT_PROJECT_VERSION = 1;
				GENERATE_INFOPLIST_FILE = YES;
				MARKETING_VERSION = 1.0;
				PRODUCT_BUNDLE_IDENTIFIER = com.VentureUITests;
				PRODUCT_NAME = "$(TARGET_NAME)";
				SWIFT_EMIT_LOC_STRINGS = NO;
				SWIFT_VERSION = 5.0;
				TARGETED_DEVICE_FAMILY = "1,2";
				TEST_TARGET_NAME = Venture;
			};
			name = Debug;
		};
		7B62755D2B50BECF00FDA0F0 /* Release */ = {
			isa = XCBuildConfiguration;
			buildSettings = {
				ALWAYS_EMBED_SWIFT_STANDARD_LIBRARIES = YES;
				CODE_SIGN_STYLE = Automatic;
				CURRENT_PROJECT_VERSION = 1;
				GENERATE_INFOPLIST_FILE = YES;
				MARKETING_VERSION = 1.0;
				PRODUCT_BUNDLE_IDENTIFIER = com.VentureUITests;
				PRODUCT_NAME = "$(TARGET_NAME)";
				SWIFT_EMIT_LOC_STRINGS = NO;
				SWIFT_VERSION = 5.0;
				TARGETED_DEVICE_FAMILY = "1,2";
				TEST_TARGET_NAME = Venture;
			};
			name = Release;
		};
/* End XCBuildConfiguration section */

/* Begin XCConfigurationList section */
		7B62752C2B50BECE00FDA0F0 /* Build configuration list for PBXProject "Venture" */ = {
			isa = XCConfigurationList;
			buildConfigurations = (
				7B6275532B50BECF00FDA0F0 /* Debug */,
				7B6275542B50BECF00FDA0F0 /* Release */,
			);
			defaultConfigurationIsVisible = 0;
			defaultConfigurationName = Release;
		};
		7B6275552B50BECF00FDA0F0 /* Build configuration list for PBXNativeTarget "Venture" */ = {
			isa = XCConfigurationList;
			buildConfigurations = (
				7B6275562B50BECF00FDA0F0 /* Debug */,
				7B6275572B50BECF00FDA0F0 /* Release */,
			);
			defaultConfigurationIsVisible = 0;
			defaultConfigurationName = Release;
		};
		7B6275582B50BECF00FDA0F0 /* Build configuration list for PBXNativeTarget "VentureTests" */ = {
			isa = XCConfigurationList;
			buildConfigurations = (
				7B6275592B50BECF00FDA0F0 /* Debug */,
				7B62755A2B50BECF00FDA0F0 /* Release */,
			);
			defaultConfigurationIsVisible = 0;
			defaultConfigurationName = Release;
		};
		7B62755B2B50BECF00FDA0F0 /* Build configuration list for PBXNativeTarget "VentureUITests" */ = {
			isa = XCConfigurationList;
			buildConfigurations = (
				7B62755C2B50BECF00FDA0F0 /* Debug */,
				7B62755D2B50BECF00FDA0F0 /* Release */,
			);
			defaultConfigurationIsVisible = 0;
			defaultConfigurationName = Release;
		};
/* End XCConfigurationList section */
	};
	rootObject = 7B6275292B50BECE00FDA0F0 /* Project object */;
}
